
Microsoft Visual Studio Solution File, Format Version 12.00
# Visual Studio 15
VisualStudioVersion = 15.0.28307.421
MinimumVisualStudioVersion = 10.0.40219.1
Project("{9A19103F-16F7-4668-BE54-9A1E7A4F7556}") = "CustomTools", "CustomTools\CustomTools.csproj", "{EB61EE77-2690-44AA-9478-57542EEC2347}"
EndProject
Project("{FAE04EC0-301F-11D3-BF4B-00C04F79EFBC}") = "ExcelReader", "ExcelReader\ExcelReader.csproj", "{6E255F18-782D-46EE-9522-F14966736E34}"
EndProject
Global
	GlobalSection(SolutionConfigurationPlatforms) = preSolution
		Debug|Any CPU = Debug|Any CPU
		Release|Any CPU = Release|Any CPU
	EndGlobalSection
	GlobalSection(ProjectConfigurationPlatforms) = postSolution
		{EB61EE77-2690-44AA-9478-57542EEC2347}.Debug|Any CPU.ActiveCfg = Debug|Any CPU
		{EB61EE77-2690-44AA-9478-57542EEC2347}.Debug|Any CPU.Build.0 = Debug|Any CPU
		{EB61EE77-2690-44AA-9478-57542EEC2347}.Release|Any CPU.ActiveCfg = Release|Any CPU
		{EB61EE77-2690-44AA-9478-57542EEC2347}.Release|Any CPU.Build.0 = Release|Any CPU
		{6E255F18-782D-46EE-9522-F14966736E34}.Debug|Any CPU.ActiveCfg = Debug|Any CPU
		{6E255F18-782D-46EE-9522-F14966736E34}.Debug|Any CPU.Build.0 = Debug|Any CPU
		{6E255F18-782D-46EE-9522-F14966736E34}.Release|Any CPU.ActiveCfg = Release|Any CPU
		{6E255F18-782D-46EE-9522-F14966736E34}.Release|Any CPU.Build.0 = Release|Any CPU
	EndGlobalSection
	GlobalSection(SolutionProperties) = preSolution
		HideSolutionNode = FALSE
	EndGlobalSection
	GlobalSection(ExtensibilityGlobals) = postSolution
		SolutionGuid = {071021E9-F708-47DC-8E19-387DA285A6D7}
	EndGlobalSection
EndGlobal
